PODS:
  - AFNetworking (3.2.0):
    - AFNetworking/NSURLSession (= 3.2.0)
    - AFNetworking/Reachability (= 3.2.0)
    - AFNetworking/Security (= 3.2.0)
    - AFNetworking/Serialization (= 3.2.0)
    - AFNetworking/UIKit (= 3.2.0)
  - AFNetworking/NSURLSession (3.2.0):
    - AFNetworking/Reachability
    - AFNetworking/Security
    - AFNetworking/Serialization
  - AFNetworking/Reachability (3.2.0)
  - AFNetworking/Security (3.2.0)
  - AFNetworking/Serialization (3.2.0)
  - AFNetworking/UIKit (3.2.0):
    - AFNetworking/NSURLSession
  - AMap3DMap (6.1.0):
    - AMapFoundation (~> 1.4)
  - AMapFoundation (1.4.3)
  - DLZkeyChain (0.0.1)
  - DLZWaterFallLayout (0.0.1)
  - Hyphenate_CN (3.2.2.2)
  - SDWebImage (4.3.3):
    - SDWebImage/Core (= 4.3.3)
  - SDWebImage/Core (4.3.3)
  - ZBarSDK (1.3.1)

DEPENDENCIES:
  - AFNetworking
  - AMap3DMap
  - DLZkeyChain
  - DLZWaterFallLayout
  - Hyphenate_CN
  - SDWebImage
  - ZBarSDK

SPEC REPOS:
  https://github.com/CocoaPods/Specs.git:
    - AFNetworking
    - AMap3DMap
    - AMapFoundation
    - DLZkeyChain
    - DLZWaterFallLayout
    - Hyphenate_CN
    - SDWebImage
    - ZBarSDK

SPEC CHECKSUMS:
  AFNetworking: 8ac6017b94ea105479f7776e5288e48ae9c59bb4
  AMap3DMap: 2cf8028884fc66c7e051f5e8818808949eff290d
  AMapFoundation: 973682cfe60b92efd73a8ef8f1144fa0fa8e1296
  DLZkeyChain: fabf798146ac20b1d60c47182d0167f39a9945aa
  DLZWaterFallLayout: 88357ebb5263f1b5bede0f4f7410bb9994f1d30d
  Hyphenate_CN: fb0ecb6bce81a8e784ee02e9e2c0ddfba9a365d1
  SDWebImage: de4d90b5bff3571eae7bd16202b1f43135409fa5
  ZBarSDK: 4c1b5daeb7d6cc67dc9355e690af0230a661f6ec

PODFILE CHECKSUM: 85d99d71429d505fe3bef2ecc732946f13e92f62

COCOAPODS: 1.5.0
