// !$*UTF8*$!
{
	archiveVersion = 1;
	classes = {
	};
	objectVersion = 46;
	objects = {

/* Begin PBXBuildFile section */
		8AA82D293C6E5AFDF8F81E48 /* libPods.a in Frameworks */ = {isa = PBXBuildFile; fileRef = A62A99EA1FB19EADB57FCDA5 /* libPods.a */; };
		8E5F803C1C8D0D0800B3FDE7 /* main.m in Sources */ = {isa = PBXBuildFile; fileRef = 8E5F803B1C8D0D0800B3FDE7 /* main.m */; };
		8E5F80451C8D0D0800B3FDE7 /* Main.storyboard in Resources */ = {isa = PBXBuildFile; fileRef = 8E5F80431C8D0D0800B3FDE7 /* Main.storyboard */; };
		8E5F80471C8D0D0800B3FDE7 /* Assets.xcassets in Resources */ = {isa = PBXBuildFile; fileRef = 8E5F80461C8D0D0800B3FDE7 /* Assets.xcassets */; };
		8E5F804A1C8D0D0800B3FDE7 /* LaunchScreen.storyboard in Resources */ = {isa = PBXBuildFile; fileRef = 8E5F80481C8D0D0800B3FDE7 /* LaunchScreen.storyboard */; };
		8E5F80551C8D0D0800B3FDE7 /* Medicine_doctorTests.m in Sources */ = {isa = PBXBuildFile; fileRef = 8E5F80541C8D0D0800B3FDE7 /* Medicine_doctorTests.m */; };
		8E5F80601C8D0D0800B3FDE7 /* Medicine_doctorUITests.m in Sources */ = {isa = PBXBuildFile; fileRef = 8E5F805F1C8D0D0800B3FDE7 /* Medicine_doctorUITests.m */; };
		8E5F80751C8D0E1000B3FDE7 /* AppDelegate.m in Sources */ = {isa = PBXBuildFile; fileRef = 8E5F80701C8D0E1000B3FDE7 /* AppDelegate.m */; };
		8E5F80781C8D0E3B00B3FDE7 /* BaseViewController.m in Sources */ = {isa = PBXBuildFile; fileRef = 8E5F80771C8D0E3B00B3FDE7 /* BaseViewController.m */; };
		8E78A61A1C8E5C6C00129719 /* DemoViewController.m in Sources */ = {isa = PBXBuildFile; fileRef = 8E78A6191C8E5C6C00129719 /* DemoViewController.m */; };
/* End PBXBuildFile section */

/* Begin PBXContainerItemProxy section */
		8E5F80511C8D0D0800B3FDE7 /* PBXContainerItemProxy */ = {
			isa = PBXContainerItemProxy;
			containerPortal = 8E5F802F1C8D0D0800B3FDE7 /* Project object */;
			proxyType = 1;
			remoteGlobalIDString = 8E5F80361C8D0D0800B3FDE7;
			remoteInfo = Medicine_doctor;
		};
		8E5F805C1C8D0D0800B3FDE7 /* PBXContainerItemProxy */ = {
			isa = PBXContainerItemProxy;
			containerPortal = 8E5F802F1C8D0D0800B3FDE7 /* Project object */;
			proxyType = 1;
			remoteGlobalIDString = 8E5F80361C8D0D0800B3FDE7;
			remoteInfo = Medicine_doctor;
		};
/* End PBXContainerItemProxy section */

/* Begin PBXFileReference section */
		374BBF2AA43182ED0261EAEC /* Pods.release.xcconfig */ = {isa = PBXFileReference; includeInIndex = 1; lastKnownFileType = text.xcconfig; name = Pods.release.xcconfig; path = "Pods/Target Support Files/Pods/Pods.release.xcconfig"; sourceTree = "<group>"; };
		8E5F80371C8D0D0800B3FDE7 /* Medicine_doctor.app */ = {isa = PBXFileReference; explicitFileType = wrapper.application; includeInIndex = 0; path = Medicine_doctor.app; sourceTree = BUILT_PRODUCTS_DIR; };
		8E5F803B1C8D0D0800B3FDE7 /* main.m */ = {isa = PBXFileReference; lastKnownFileType = sourcecode.c.objc; path = main.m; sourceTree = "<group>"; };
		8E5F80441C8D0D0800B3FDE7 /* Base */ = {isa = PBXFileReference; lastKnownFileType = file.storyboard; name = Base; path = Base.lproj/Main.storyboard; sourceTree = "<group>"; };
		8E5F80461C8D0D0800B3FDE7 /* Assets.xcassets */ = {isa = PBXFileReference; lastKnownFileType = folder.assetcatalog; path = Assets.xcassets; sourceTree = "<group>"; };
		8E5F80491C8D0D0800B3FDE7 /* Base */ = {isa = PBXFileReference; lastKnownFileType = file.storyboard; name = Base; path = Base.lproj/LaunchScreen.storyboard; sourceTree = "<group>"; };
		8E5F804B1C8D0D0800B3FDE7 /* Info.plist */ = {isa = PBXFileReference; lastKnownFileType = text.plist.xml; path = Info.plist; sourceTree = "<group>"; };
		8E5F80501C8D0D0800B3FDE7 /* Medicine_doctorTests.xctest */ = {isa = PBXFileReference; explicitFileType = wrapper.cfbundle; includeInIndex = 0; path = Medicine_doctorTests.xctest; sourceTree = BUILT_PRODUCTS_DIR; };
		8E5F80541C8D0D0800B3FDE7 /* Medicine_doctorTests.m */ = {isa = PBXFileReference; lastKnownFileType = sourcecode.c.objc; path = Medicine_doctorTests.m; sourceTree = "<group>"; };
		8E5F80561C8D0D0800B3FDE7 /* Info.plist */ = {isa = PBXFileReference; lastKnownFileType = text.plist.xml; path = Info.plist; sourceTree = "<group>"; };
		8E5F805B1C8D0D0800B3FDE7 /* Medicine_doctorUITests.xctest */ = {isa = PBXFileReference; explicitFileType = wrapper.cfbundle; includeInIndex = 0; path = Medicine_doctorUITests.xctest; sourceTree = BUILT_PRODUCTS_DIR; };
		8E5F805F1C8D0D0800B3FDE7 /* Medicine_doctorUITests.m */ = {isa = PBXFileReference; lastKnownFileType = sourcecode.c.objc; path = Medicine_doctorUITests.m; sourceTree = "<group>"; };
		8E5F80611C8D0D0800B3FDE7 /* Info.plist */ = {isa = PBXFileReference; lastKnownFileType = text.plist.xml; path = Info.plist; sourceTree = "<group>"; };
		8E5F806F1C8D0E1000B3FDE7 /* AppDelegate.h */ = {isa = PBXFileReference; fileEncoding = 4; lastKnownFileType = sourcecode.c.h; path = AppDelegate.h; sourceTree = "<group>"; };
		8E5F80701C8D0E1000B3FDE7 /* AppDelegate.m */ = {isa = PBXFileReference; fileEncoding = 4; lastKnownFileType = sourcecode.c.objc; path = AppDelegate.m; sourceTree = "<group>"; };
		8E5F80761C8D0E3B00B3FDE7 /* BaseViewController.h */ = {isa = PBXFileReference; fileEncoding = 4; lastKnownFileType = sourcecode.c.h; path = BaseViewController.h; sourceTree = "<group>"; };
		8E5F80771C8D0E3B00B3FDE7 /* BaseViewController.m */ = {isa = PBXFileReference; fileEncoding = 4; lastKnownFileType = sourcecode.c.objc; path = BaseViewController.m; sourceTree = "<group>"; };
		8E5F807A1C8D0EEA00B3FDE7 /* Header.pch */ = {isa = PBXFileReference; lastKnownFileType = sourcecode.c.h; path = Header.pch; sourceTree = "<group>"; };
		8E78A6181C8E5C6C00129719 /* DemoViewController.h */ = {isa = PBXFileReference; fileEncoding = 4; lastKnownFileType = sourcecode.c.h; path = DemoViewController.h; sourceTree = "<group>"; };
		8E78A6191C8E5C6C00129719 /* DemoViewController.m */ = {isa = PBXFileReference; fileEncoding = 4; lastKnownFileType = sourcecode.c.objc; path = DemoViewController.m; sourceTree = "<group>"; };
		8E78A61B1C8E5D8500129719 /* commonDefine.h */ = {isa = PBXFileReference; lastKnownFileType = sourcecode.c.h; name = commonDefine.h; path = Medicine_doctor/ViewControllers/commonDefine.h; sourceTree = SOURCE_ROOT; };
		A62A99EA1FB19EADB57FCDA5 /* libPods.a */ = {isa = PBXFileReference; explicitFileType = archive.ar; includeInIndex = 0; path = libPods.a; sourceTree = BUILT_PRODUCTS_DIR; };
		DA3338978053C59588610FB7 /* Pods.debug.xcconfig */ = {isa = PBXFileReference; includeInIndex = 1; lastKnownFileType = text.xcconfig; name = Pods.debug.xcconfig; path = "Pods/Target Support Files/Pods/Pods.debug.xcconfig"; sourceTree = "<group>"; };
/* End PBXFileReference section */

/* Begin PBXFrameworksBuildPhase section */
		8E5F80341C8D0D0800B3FDE7 /* Frameworks */ = {
			isa = PBXFrameworksBuildPhase;
			buildActionMask = 2147483647;
			files = (
				8AA82D293C6E5AFDF8F81E48 /* libPods.a in Frameworks */,
			);
			runOnlyForDeploymentPostprocessing = 0;
		};
		8E5F804D1C8D0D0800B3FDE7 /* Frameworks */ = {
			isa = PBXFrameworksBuildPhase;
			buildActionMask = 2147483647;
			files = (
			);
			runOnlyForDeploymentPostprocessing = 0;
		};
		8E5F80581C8D0D0800B3FDE7 /* Frameworks */ = {
			isa = PBXFrameworksBuildPhase;
			buildActionMask = 2147483647;
			files = (
			);
			runOnlyForDeploymentPostprocessing = 0;
		};
/* End PBXFrameworksBuildPhase section */

/* Begin PBXGroup section */
		68DB661D43A374E733890C62 /* Frameworks */ = {
			isa = PBXGroup;
			children = (
				A62A99EA1FB19EADB57FCDA5 /* libPods.a */,
			);
			name = Frameworks;
			sourceTree = "<group>";
		};
		6BA5C1AA9B955EFB703132D9 /* Pods */ = {
			isa = PBXGroup;
			children = (
				DA3338978053C59588610FB7 /* Pods.debug.xcconfig */,
				374BBF2AA43182ED0261EAEC /* Pods.release.xcconfig */,
			);
			name = Pods;
			sourceTree = "<group>";
		};
		8E5F802E1C8D0D0800B3FDE7 = {
			isa = PBXGroup;
			children = (
				8E5F80391C8D0D0800B3FDE7 /* Medicine_doctor */,
				8E5F80531C8D0D0800B3FDE7 /* Medicine_doctorTests */,
				8E5F805E1C8D0D0800B3FDE7 /* Medicine_doctorUITests */,
				8E5F80381C8D0D0800B3FDE7 /* Products */,
				6BA5C1AA9B955EFB703132D9 /* Pods */,
				68DB661D43A374E733890C62 /* Frameworks */,
			);
			sourceTree = "<group>";
		};
		8E5F80381C8D0D0800B3FDE7 /* Products */ = {
			isa = PBXGroup;
			children = (
				8E5F80371C8D0D0800B3FDE7 /* Medicine_doctor.app */,
				8E5F80501C8D0D0800B3FDE7 /* Medicine_doctorTests.xctest */,
				8E5F805B1C8D0D0800B3FDE7 /* Medicine_doctorUITests.xctest */,
			);
			name = Products;
			sourceTree = "<group>";
		};
		8E5F80391C8D0D0800B3FDE7 /* Medicine_doctor */ = {
			isa = PBXGroup;
			children = (
				8E5F806E1C8D0E1000B3FDE7 /* AppDelegate */,
				8E5F80741C8D0E1000B3FDE7 /* ViewControllers */,
				8E5F80711C8D0E1000B3FDE7 /* Models */,
				8E5F80721C8D0E1000B3FDE7 /* MyThird */,
				8E5F80731C8D0E1000B3FDE7 /* Public */,
				8E5F80431C8D0D0800B3FDE7 /* Main.storyboard */,
				8E5F80461C8D0D0800B3FDE7 /* Assets.xcassets */,
				8E5F80481C8D0D0800B3FDE7 /* LaunchScreen.storyboard */,
				8E5F804B1C8D0D0800B3FDE7 /* Info.plist */,
				8E5F803A1C8D0D0800B3FDE7 /* Supporting Files */,
			);
			path = Medicine_doctor;
			sourceTree = "<group>";
		};
		8E5F803A1C8D0D0800B3FDE7 /* Supporting Files */ = {
			isa = PBXGroup;
			children = (
				8E5F803B1C8D0D0800B3FDE7 /* main.m */,
				8E5F807A1C8D0EEA00B3FDE7 /* Header.pch */,
			);
			name = "Supporting Files";
			sourceTree = "<group>";
		};
		8E5F80531C8D0D0800B3FDE7 /* Medicine_doctorTests */ = {
			isa = PBXGroup;
			children = (
				8E5F80541C8D0D0800B3FDE7 /* Medicine_doctorTests.m */,
				8E5F80561C8D0D0800B3FDE7 /* Info.plist */,
			);
			path = Medicine_doctorTests;
			sourceTree = "<group>";
		};
		8E5F805E1C8D0D0800B3FDE7 /* Medicine_doctorUITests */ = {
			isa = PBXGroup;
			children = (
				8E5F805F1C8D0D0800B3FDE7 /* Medicine_doctorUITests.m */,
				8E5F80611C8D0D0800B3FDE7 /* Info.plist */,
			);
			path = Medicine_doctorUITests;
			sourceTree = "<group>";
		};
		8E5F806E1C8D0E1000B3FDE7 /* AppDelegate */ = {
			isa = PBXGroup;
			children = (
				8E5F806F1C8D0E1000B3FDE7 /* AppDelegate.h */,
				8E5F80701C8D0E1000B3FDE7 /* AppDelegate.m */,
			);
			path = AppDelegate;
			sourceTree = "<group>";
		};
		8E5F80711C8D0E1000B3FDE7 /* Models */ = {
			isa = PBXGroup;
			children = (
			);
			path = Models;
			sourceTree = "<group>";
		};
		8E5F80721C8D0E1000B3FDE7 /* MyThird */ = {
			isa = PBXGroup;
			children = (
			);
			path = MyThird;
			sourceTree = "<group>";
		};
		8E5F80731C8D0E1000B3FDE7 /* Public */ = {
			isa = PBXGroup;
			children = (
				8E78A61B1C8E5D8500129719 /* commonDefine.h */,
			);
			path = Public;
			sourceTree = "<group>";
		};
		8E5F80741C8D0E1000B3FDE7 /* ViewControllers */ = {
			isa = PBXGroup;
			children = (
				8E5F80791C8D0E4000B3FDE7 /* base */,
				8E78A6181C8E5C6C00129719 /* DemoViewController.h */,
				8E78A6191C8E5C6C00129719 /* DemoViewController.m */,
			);
			path = ViewControllers;
			sourceTree = "<group>";
		};
		8E5F80791C8D0E4000B3FDE7 /* base */ = {
			isa = PBXGroup;
			children = (
				8E5F80761C8D0E3B00B3FDE7 /* BaseViewController.h */,
				8E5F80771C8D0E3B00B3FDE7 /* BaseViewController.m */,
			);
			name = base;
			sourceTree = "<group>";
		};
/* End PBXGroup section */

/* Begin PBXNativeTarget section */
		8E5F80361C8D0D0800B3FDE7 /* Medicine_doctor */ = {
			isa = PBXNativeTarget;
			buildConfigurationList = 8E5F80641C8D0D0800B3FDE7 /* Build configuration list for PBXNativeTarget "Medicine_doctor" */;
			buildPhases = (
				E26B325CBF407FAFFF566307 /* Check Pods Manifest.lock */,
				8E5F80331C8D0D0800B3FDE7 /* Sources */,
				8E5F80341C8D0D0800B3FDE7 /* Frameworks */,
				8E5F80351C8D0D0800B3FDE7 /* Resources */,
				2F3A2025BCDD9F42D98FA515 /* Copy Pods Resources */,
			);
			buildRules = (
			);
			dependencies = (
			);
			name = Medicine_doctor;
			productName = Medicine_doctor;
			productReference = 8E5F80371C8D0D0800B3FDE7 /* Medicine_doctor.app */;
			productType = "com.apple.product-type.application";
		};
		8E5F804F1C8D0D0800B3FDE7 /* Medicine_doctorTests */ = {
			isa = PBXNativeTarget;
			buildConfigurationList = 8E5F80671C8D0D0800B3FDE7 /* Build configuration list for PBXNativeTarget "Medicine_doctorTests" */;
			buildPhases = (
				8E5F804C1C8D0D0800B3FDE7 /* Sources */,
				8E5F804D1C8D0D0800B3FDE7 /* Frameworks */,
				8E5F804E1C8D0D0800B3FDE7 /* Resources */,
			);
			buildRules = (
			);
			dependencies = (
				8E5F80521C8D0D0800B3FDE7 /* PBXTargetDependency */,
			);
			name = Medicine_doctorTests;
			productName = Medicine_doctorTests;
			productReference = 8E5F80501C8D0D0800B3FDE7 /* Medicine_doctorTests.xctest */;
			productType = "com.apple.product-type.bundle.unit-test";
		};
		8E5F805A1C8D0D0800B3FDE7 /* Medicine_doctorUITests */ = {
			isa = PBXNativeTarget;
			buildConfigurationList = 8E5F806A1C8D0D0800B3FDE7 /* Build configuration list for PBXNativeTarget "Medicine_doctorUITests" */;
			buildPhases = (
				8E5F80571C8D0D0800B3FDE7 /* Sources */,
				8E5F80581C8D0D0800B3FDE7 /* Frameworks */,
				8E5F80591C8D0D0800B3FDE7 /* Resources */,
			);
			buildRules = (
			);
			dependencies = (
				8E5F805D1C8D0D0800B3FDE7 /* PBXTargetDependency */,
			);
			name = Medicine_doctorUITests;
			productName = Medicine_doctorUITests;
			productReference = 8E5F805B1C8D0D0800B3FDE7 /* Medicine_doctorUITests.xctest */;
			productType = "com.apple.product-type.bundle.ui-testing";
		};
/* End PBXNativeTarget section */

/* Begin PBXProject section */
		8E5F802F1C8D0D0800B3FDE7 /* Project object */ = {
			isa = PBXProject;
			attributes = {
				LastUpgradeCheck = 0720;
				ORGANIZATIONNAME = "董力祯";
				TargetAttributes = {
					8E5F80361C8D0D0800B3FDE7 = {
						CreatedOnToolsVersion = 7.2.1;
					};
					8E5F804F1C8D0D0800B3FDE7 = {
						CreatedOnToolsVersion = 7.2.1;
						TestTargetID = 8E5F80361C8D0D0800B3FDE7;
					};
					8E5F805A1C8D0D0800B3FDE7 = {
						CreatedOnToolsVersion = 7.2.1;
						TestTargetID = 8E5F80361C8D0D0800B3FDE7;
					};
				};
			};
			buildConfigurationList = 8E5F80321C8D0D0800B3FDE7 /* Build configuration list for PBXProject "Medicine_doctor" */;
			compatibilityVersion = "Xcode 3.2";
			developmentRegion = English;
			hasScannedForEncodings = 0;
			knownRegions = (
				en,
				Base,
			);
			mainGroup = 8E5F802E1C8D0D0800B3FDE7;
			productRefGroup = 8E5F80381C8D0D0800B3FDE7 /* Products */;
			projectDirPath = "";
			projectRoot = "";
			targets = (
				8E5F80361C8D0D0800B3FDE7 /* Medicine_doctor */,
				8E5F804F1C8D0D0800B3FDE7 /* Medicine_doctorTests */,
				8E5F805A1C8D0D0800B3FDE7 /* Medicine_doctorUITests */,
			);
		};
/* End PBXProject section */

/* Begin PBXResourcesBuildPhase section */
		8E5F80351C8D0D0800B3FDE7 /* Resources */ = {
			isa = PBXResourcesBuildPhase;
			buildActionMask = 2147483647;
			files = (
				8E5F804A1C8D0D0800B3FDE7 /* LaunchScreen.storyboard in Resources */,
				8E5F80471C8D0D0800B3FDE7 /* Assets.xcassets in Resources */,
				8E5F80451C8D0D0800B3FDE7 /* Main.storyboard in Resources */,
			);
			runOnlyForDeploymentPostprocessing = 0;
		};
		8E5F804E1C8D0D0800B3FDE7 /* Resources */ = {
			isa = PBXResourcesBuildPhase;
			buildActionMask = 2147483647;
			files = (
			);
			runOnlyForDeploymentPostprocessing = 0;
		};
		8E5F80591C8D0D0800B3FDE7 /* Resources */ = {
			isa = PBXResourcesBuildPhase;
			buildActionMask = 2147483647;
			files = (
			);
			runOnlyForDeploymentPostprocessing = 0;
		};
/* End PBXResourcesBuildPhase section */

/* Begin PBXShellScriptBuildPhase section */
		2F3A2025BCDD9F42D98FA515 /* Copy Pods Resources */ = {
			isa = PBXShellScriptBuildPhase;
			buildActionMask = 2147483647;
			files = (
			);
			inputPaths = (
			);
			name = "Copy Pods Resources";
			outputPaths = (
			);
			runOnlyForDeploymentPostprocessing = 0;
			shellPath = /bin/sh;
			shellScript = "\"${SRCROOT}/Pods/Target Support Files/Pods/Pods-resources.sh\"\n";
			showEnvVarsInLog = 0;
		};
		E26B325CBF407FAFFF566307 /* Check Pods Manifest.lock */ = {
			isa = PBXShellScriptBuildPhase;
			buildActionMask = 2147483647;
			files = (
			);
			inputPaths = (
			);
			name = "Check Pods Manifest.lock";
			outputPaths = (
			);
			runOnlyForDeploymentPostprocessing = 0;
			shellPath = /bin/sh;
			shellScript = "diff \"${PODS_ROOT}/../Podfile.lock\" \"${PODS_ROOT}/Manifest.lock\" > /dev/null\nif [[ $? != 0 ]] ; then\n    cat << EOM\nerror: The sandbox is not in sync with the Podfile.lock. Run 'pod install' or update your CocoaPods installation.\nEOM\n    exit 1\nfi\n";
			showEnvVarsInLog = 0;
		};
/* End PBXShellScriptBuildPhase section */

/* Begin PBXSourcesBuildPhase section */
		8E5F80331C8D0D0800B3FDE7 /* Sources */ = {
			isa = PBXSourcesBuildPhase;
			buildActionMask = 2147483647;
			files = (
				8E5F80781C8D0E3B00B3FDE7 /* BaseViewController.m in Sources */,
				8E5F803C1C8D0D0800B3FDE7 /* main.m in Sources */,
				8E5F80751C8D0E1000B3FDE7 /* AppDelegate.m in Sources */,
				8E78A61A1C8E5C6C00129719 /* DemoViewController.m in Sources */,
			);
			runOnlyForDeploymentPostprocessing = 0;
		};
		8E5F804C1C8D0D0800B3FDE7 /* Sources */ = {
			isa = PBXSourcesBuildPhase;
			buildActionMask = 2147483647;
			files = (
				8E5F80551C8D0D0800B3FDE7 /* Medicine_doctorTests.m in Sources */,
			);
			runOnlyForDeploymentPostprocessing = 0;
		};
		8E5F80571C8D0D0800B3FDE7 /* Sources */ = {
			isa = PBXSourcesBuildPhase;
			buildActionMask = 2147483647;
			files = (
				8E5F80601C8D0D0800B3FDE7 /* Medicine_doctorUITests.m in Sources */,
			);
			runOnlyForDeploymentPostprocessing = 0;
		};
/* End PBXSourcesBuildPhase section */

/* Begin PBXTargetDependency section */
		8E5F80521C8D0D0800B3FDE7 /* PBXTargetDependency */ = {
			isa = PBXTargetDependency;
			target = 8E5F80361C8D0D0800B3FDE7 /* Medicine_doctor */;
			targetProxy = 8E5F80511C8D0D0800B3FDE7 /* PBXContainerItemProxy */;
		};
		8E5F805D1C8D0D0800B3FDE7 /* PBXTargetDependency */ = {
			isa = PBXTargetDependency;
			target = 8E5F80361C8D0D0800B3FDE7 /* Medicine_doctor */;
			targetProxy = 8E5F805C1C8D0D0800B3FDE7 /* PBXContainerItemProxy */;
		};
/* End PBXTargetDependency section */

/* Begin PBXVariantGroup section */
		8E5F80431C8D0D0800B3FDE7 /* Main.storyboard */ = {
			isa = PBXVariantGroup;
			children = (
				8E5F80441C8D0D0800B3FDE7 /* Base */,
			);
			name = Main.storyboard;
			sourceTree = "<group>";
		};
		8E5F80481C8D0D0800B3FDE7 /* LaunchScreen.storyboard */ = {
			isa = PBXVariantGroup;
			children = (
				8E5F80491C8D0D0800B3FDE7 /* Base */,
			);
			name = LaunchScreen.storyboard;
			sourceTree = "<group>";
		};
/* End PBXVariantGroup section */

/* Begin XCBuildConfiguration section */
		8E5F80621C8D0D0800B3FDE7 /* Debug */ = {
			isa = XCBuildConfiguration;
			buildSettings = {
				ALWAYS_SEARCH_USER_PATHS = NO;
				CLANG_CXX_LANGUAGE_STANDARD = "gnu++0x";
				CLANG_CXX_LIBRARY = "libc++";
				CLANG_ENABLE_MODULES = YES;
				CLANG_ENABLE_OBJC_ARC = YES;
				CLANG_WARN_BOOL_CONVERSION = YES;
				CLANG_WARN_CONSTANT_CONVERSION = YES;
				CLANG_WARN_DIRECT_OBJC_ISA_USAGE = YES_ERROR;
				CLANG_WARN_EMPTY_BODY = YES;
				CLANG_WARN_ENUM_CONVERSION = YES;
				CLANG_WARN_INT_CONVERSION = YES;
				CLANG_WARN_OBJC_ROOT_CLASS = YES_ERROR;
				CLANG_WARN_UNREACHABLE_CODE = YES;
				CLANG_WARN__DUPLICATE_METHOD_MATCH = YES;
				"CODE_SIGN_IDENTITY[sdk=iphoneos*]" = "iPhone Developer";
				COPY_PHASE_STRIP = NO;
				DEBUG_INFORMATION_FORMAT = dwarf;
				ENABLE_STRICT_OBJC_MSGSEND = YES;
				ENABLE_TESTABILITY = YES;
				GCC_C_LANGUAGE_STANDARD = gnu99;
				GCC_DYNAMIC_NO_PIC = NO;
				GCC_NO_COMMON_BLOCKS = YES;
				GCC_OPTIMIZATION_LEVEL = 0;
				GCC_PREPROCESSOR_DEFINITIONS = (
					"DEBUG=1",
					"$(inherited)",
				);
				GCC_WARN_64_TO_32_BIT_CONVERSION = YES;
				GCC_WARN_ABOUT_RETURN_TYPE = YES_ERROR;
				GCC_WARN_UNDECLARED_SELECTOR = YES;
				GCC_WARN_UNINITIALIZED_AUTOS = YES_AGGRESSIVE;
				GCC_WARN_UNUSED_FUNCTION = YES;
				GCC_WARN_UNUSED_VARIABLE = YES;
				IPHONEOS_DEPLOYMENT_TARGET = 9.2;
				MTL_ENABLE_DEBUG_INFO = YES;
				ONLY_ACTIVE_ARCH = YES;
				SDKROOT = iphoneos;
			};
			name = Debug;
		};
		8E5F80631C8D0D0800B3FDE7 /* Release */ = {
			isa = XCBuildConfiguration;
			buildSettings = {
				ALWAYS_SEARCH_USER_PATHS = NO;
				CLANG_CXX_LANGUAGE_STANDARD = "gnu++0x";
				CLANG_CXX_LIBRARY = "libc++";
				CLANG_ENABLE_MODULES = YES;
				CLANG_ENABLE_OBJC_ARC = YES;
				CLANG_WARN_BOOL_CONVERSION = YES;
				CLANG_WARN_CONSTANT_CONVERSION = YES;
				CLANG_WARN_DIRECT_OBJC_ISA_USAGE = YES_ERROR;
				CLANG_WARN_EMPTY_BODY = YES;
				CLANG_WARN_ENUM_CONVERSION = YES;
				CLANG_WARN_INT_CONVERSION = YES;
				CLANG_WARN_OBJC_ROOT_CLASS = YES_ERROR;
				CLANG_WARN_UNREACHABLE_CODE = YES;
				CLANG_WARN__DUPLICATE_METHOD_MATCH = YES;
				"CODE_SIGN_IDENTITY[sdk=iphoneos*]" = "iPhone Developer";
				COPY_PHASE_STRIP = NO;
				DEBUG_INFORMATION_FORMAT = "dwarf-with-dsym";
				ENABLE_NS_ASSERTIONS = NO;
				ENABLE_STRICT_OBJC_MSGSEND = YES;
				GCC_C_LANGUAGE_STANDARD = gnu99;
				GCC_NO_COMMON_BLOCKS = YES;
				GCC_WARN_64_TO_32_BIT_CONVERSION = YES;
				GCC_WARN_ABOUT_RETURN_TYPE = YES_ERROR;
				GCC_WARN_UNDECLARED_SELECTOR = YES;
				GCC_WARN_UNINITIALIZED_AUTOS = YES_AGGRESSIVE;
				GCC_WARN_UNUSED_FUNCTION = YES;
				GCC_WARN_UNUSED_VARIABLE = YES;
				IPHONEOS_DEPLOYMENT_TARGET = 9.2;
				MTL_ENABLE_DEBUG_INFO = NO;
				SDKROOT = iphoneos;
				VALIDATE_PRODUCT = YES;
			};
			name = Release;
		};
		8E5F80651C8D0D0800B3FDE7 /* Debug */ = {
			isa = XCBuildConfiguration;
			baseConfigurationReference = DA3338978053C59588610FB7 /* Pods.debug.xcconfig */;
			buildSettings = {
				ASSETCATALOG_COMPILER_APPICON_NAME = AppIcon;
				ASSETCATALOG_COMPILER_LAUNCHIMAGE_NAME = LaunchImage;
				ENABLE_BITCODE = NO;
				GCC_PREFIX_HEADER = "$(SRCROOT)/Medicine_doctor/Header.pch";
				INFOPLIST_FILE = Medicine_doctor/Info.plist;
				IPHONEOS_DEPLOYMENT_TARGET = 7.0;
				LD_RUNPATH_SEARCH_PATHS = "$(inherited) @executable_path/Frameworks";
				PRODUCT_BUNDLE_IDENTIFIER = "dlz.Medicine-doctor";
				PRODUCT_NAME = "$(TARGET_NAME)";
				TARGETED_DEVICE_FAMILY = 1;
			};
			name = Debug;
		};
		8E5F80661C8D0D0800B3FDE7 /* Release */ = {
			isa = XCBuildConfiguration;
			baseConfigurationReference = 374BBF2AA43182ED0261EAEC /* Pods.release.xcconfig */;
			buildSettings = {
				ASSETCATALOG_COMPILER_APPICON_NAME = AppIcon;
				ASSETCATALOG_COMPILER_LAUNCHIMAGE_NAME = LaunchImage;
				ENABLE_BITCODE = NO;
				GCC_PREFIX_HEADER = "$(SRCROOT)/Medicine_doctor/Header.pch";
				INFOPLIST_FILE = Medicine_doctor/Info.plist;
				IPHONEOS_DEPLOYMENT_TARGET = 7.0;
				LD_RUNPATH_SEARCH_PATHS = "$(inherited) @executable_path/Frameworks";
				PRODUCT_BUNDLE_IDENTIFIER = "dlz.Medicine-doctor";
				PRODUCT_NAME = "$(TARGET_NAME)";
				TARGETED_DEVICE_FAMILY = 1;
			};
			name = Release;
		};
		8E5F80681C8D0D0800B3FDE7 /* Debug */ = {
			isa = XCBuildConfiguration;
			buildSettings = {
				BUNDLE_LOADER = "$(TEST_HOST)";
				INFOPLIST_FILE = Medicine_doctorTests/Info.plist;
				LD_RUNPATH_SEARCH_PATHS = "$(inherited) @executable_path/Frameworks @loader_path/Frameworks";
				PRODUCT_BUNDLE_IDENTIFIER = "dlz.Medicine-doctorTests";
				PRODUCT_NAME = "$(TARGET_NAME)";
				TEST_HOST = "$(BUILT_PRODUCTS_DIR)/Medicine_doctor.app/Medicine_doctor";
			};
			name = Debug;
		};
		8E5F80691C8D0D0800B3FDE7 /* Release */ = {
			isa = XCBuildConfiguration;
			buildSettings = {
				BUNDLE_LOADER = "$(TEST_HOST)";
				INFOPLIST_FILE = Medicine_doctorTests/Info.plist;
				LD_RUNPATH_SEARCH_PATHS = "$(inherited) @executable_path/Frameworks @loader_path/Frameworks";
				PRODUCT_BUNDLE_IDENTIFIER = "dlz.Medicine-doctorTests";
				PRODUCT_NAME = "$(TARGET_NAME)";
				TEST_HOST = "$(BUILT_PRODUCTS_DIR)/Medicine_doctor.app/Medicine_doctor";
			};
			name = Release;
		};
		8E5F806B1C8D0D0800B3FDE7 /* Debug */ = {
			isa = XCBuildConfiguration;
			buildSettings = {
				INFOPLIST_FILE = Medicine_doctorUITests/Info.plist;
				LD_RUNPATH_SEARCH_PATHS = "$(inherited) @executable_path/Frameworks @loader_path/Frameworks";
				PRODUCT_BUNDLE_IDENTIFIER = "dlz.Medicine-doctorUITests";
				PRODUCT_NAME = "$(TARGET_NAME)";
				TEST_TARGET_NAME = Medicine_doctor;
				USES_XCTRUNNER = YES;
			};
			name = Debug;
		};
		8E5F806C1C8D0D0800B3FDE7 /* Release */ = {
			isa = XCBuildConfiguration;
			buildSettings = {
				INFOPLIST_FILE = Medicine_doctorUITests/Info.plist;
				LD_RUNPATH_SEARCH_PATHS = "$(inherited) @executable_path/Frameworks @loader_path/Frameworks";
				PRODUCT_BUNDLE_IDENTIFIER = "dlz.Medicine-doctorUITests";
				PRODUCT_NAME = "$(TARGET_NAME)";
				TEST_TARGET_NAME = Medicine_doctor;
				USES_XCTRUNNER = YES;
			};
			name = Release;
		};
/* End XCBuildConfiguration section */

/* Begin XCConfigurationList section */
		8E5F80321C8D0D0800B3FDE7 /* Build configuration list for PBXProject "Medicine_doctor" */ = {
			isa = XCConfigurationList;
			buildConfigurations = (
				8E5F80621C8D0D0800B3FDE7 /* Debug */,
				8E5F80631C8D0D0800B3FDE7 /* Release */,
			);
			defaultConfigurationIsVisible = 0;
			defaultConfigurationName = Release;
		};
		8E5F80641C8D0D0800B3FDE7 /* Build configuration list for PBXNativeTarget "Medicine_doctor" */ = {
			isa = XCConfigurationList;
			buildConfigurations = (
				8E5F80651C8D0D0800B3FDE7 /* Debug */,
				8E5F80661C8D0D0800B3FDE7 /* Release */,
			);
			defaultConfigurationIsVisible = 0;
			defaultConfigurationName = Release;
		};
		8E5F80671C8D0D0800B3FDE7 /* Build configuration list for PBXNativeTarget "Medicine_doctorTests" */ = {
			isa = XCConfigurationList;
			buildConfigurations = (
				8E5F80681C8D0D0800B3FDE7 /* Debug */,
				8E5F80691C8D0D0800B3FDE7 /* Release */,
			);
			defaultConfigurationIsVisible = 0;
			defaultConfigurationName = Release;
		};
		8E5F806A1C8D0D0800B3FDE7 /* Build configuration list for PBXNativeTarget "Medicine_doctorUITests" */ = {
			isa = XCConfigurationList;
			buildConfigurations = (
				8E5F806B1C8D0D0800B3FDE7 /* Debug */,
				8E5F806C1C8D0D0800B3FDE7 /* Release */,
			);
			defaultConfigurationIsVisible = 0;
			defaultConfigurationName = Release;
		};
/* End XCConfigurationList section */
	};
	rootObject = 8E5F802F1C8D0D0800B3FDE7 /* Project object */;
}
